<?xml version="1.0" encoding="utf-8"?>
<Project ToolsVersion="4.0" xmlns="http://schemas.microsoft.com/developer/msbuild/2003">
  <ItemGroup>
    <Filter Include="Source Files">
      <UniqueIdentifier>{4FC737F1-C7A5-4376-A066-2A32D752A2FF}</UniqueIdentifier>
      <Extensions>cpp;c;cc;cxx;def;odl;idl;hpj;bat;asm;asmx</Extensions>
    </Filter>
    <Filter Include="Header Files">
      <UniqueIdentifier>{93995380-89BD-4b04-88EB-625FBE52EBFB}</UniqueIdentifier>
      <Extensions>h;hh;hpp;hxx;hm;inl;inc;xsd</Extensions>
    </Filter>
    <Filter Include="Resource Files">
      <UniqueIdentifier>{D9D6E242-F8AF-46E4-B9FD-80ECBC20BA3E}</UniqueIdentifier>
      <Extensions>qrc;*</Extensions>
      <ParseFiles>false</ParseFiles>
    </Filter>
    <Filter Include="Form Files">
      <UniqueIdentifier>{99349809-55BA-4b9d-BF79-8FDBB0286EB3}</UniqueIdentifier>
      <Extensions>ui</Extensions>
    </Filter>
    <Filter Include="Resource Files">
      <UniqueIdentifier>{D9D6E242-F8AF-46E4-B9FD-80ECBC20BA3E}</UniqueIdentifier>
      <Extensions>qrc;*</Extensions>
      <ParseFiles>false</ParseFiles>
    </Filter>
    <Filter Include="Generated Files">
      <UniqueIdentifier>{71ED8ED8-ACB9-4CE9-BBE1-E00B30144E11}</UniqueIdentifier>
      <Extensions>moc;h;cpp</Extensions>
      <SourceControlFiles>False</SourceControlFiles>
    </Filter>
    <Filter Include="SeaSimulation">
      <UniqueIdentifier>{4bc80c3e-4cf7-4c38-8734-1eb6b6d71124}</UniqueIdentifier>
    </Filter>
  </ItemGroup>
  <ItemGroup>
    <ClCompile Include="main.cpp">
      <Filter>Source Files</Filter>
    </ClCompile>
    <ClCompile Include="StartUpProjectDemo.cpp">
      <Filter>Source Files</Filter>
    </ClCompile>
    <ClCompile Include="QControlBar.cpp">
      <Filter>Source Files</Filter>
    </ClCompile>
    <ClCompile Include="QParameters.cpp">
      <Filter>Source Files</Filter>
    </ClCompile>
    <ClCompile Include="QColorBox.cpp">
      <Filter>Source Files</Filter>
    </ClCompile>
    <ClCompile Include="QArrowItem.cpp">
      <Filter>Source Files</Filter>
    </ClCompile>
    <ClCompile Include="SeaSimulation\AquaticAnimal.cpp">
      <Filter>SeaSimulation</Filter>
    </ClCompile>
    <ClCompile Include="SeaSimulation\BasicItem.cpp">
      <Filter>SeaSimulation</Filter>
    </ClCompile>
    <ClCompile Include="SeaSimulation\Boat.cpp">
      <Filter>SeaSimulation</Filter>
    </ClCompile>
    <ClCompile Include="SeaSimulation\Eat.cpp">
      <Filter>SeaSimulation</Filter>
    </ClCompile>
    <ClCompile Include="SeaSimulation\FishingBoat.cpp">
      <Filter>SeaSimulation</Filter>
    </ClCompile>
    <ClCompile Include="SeaSimulation\FuelLeak.cpp">
      <Filter>SeaSimulation</Filter>
    </ClCompile>
    <ClCompile Include="SeaSimulation\Kill.cpp">
      <Filter>SeaSimulation</Filter>
    </ClCompile>
    <ClCompile Include="SeaSimulation\LifeMonitor.cpp">
      <Filter>SeaSimulation</Filter>
    </ClCompile>
    <ClCompile Include="SeaSimulation\Randomizer.cpp">
      <Filter>SeaSimulation</Filter>
    </ClCompile>
    <ClCompile Include="SeaSimulation\RedFish.cpp">
      <Filter>SeaSimulation</Filter>
    </ClCompile>
    <ClCompile Include="SeaSimulation\Reproduction.cpp">
      <Filter>SeaSimulation</Filter>
    </ClCompile>
    <ClCompile Include="SeaSimulation\Shark.cpp">
      <Filter>SeaSimulation</Filter>
    </ClCompile>
    <ClCompile Include="SeaSimulation\SwordFish.cpp">
      <Filter>SeaSimulation</Filter>
    </ClCompile>
    <ClCompile Include="SeaSimulation\TankerBoat.cpp">
      <Filter>SeaSimulation</Filter>
    </ClCompile>
  </ItemGroup>
  <ItemGroup>
    <QtMoc Include="StartUpProjectDemo.h">
      <Filter>Header Files</Filter>
    </QtMoc>
    <QtMoc Include="QControlBar.h">
      <Filter>Header Files</Filter>
    </QtMoc>
    <QtMoc Include="QParameters.h">
      <Filter>Header Files</Filter>
    </QtMoc>
  </ItemGroup>
  <ItemGroup>
    <QtUic Include="StartUpProjectDemo.ui">
      <Filter>Form Files</Filter>
    </QtUic>
  </ItemGroup>
  <ItemGroup>
    <QtRcc Include="StartUpProjectDemo.qrc">
      <Filter>Resource Files</Filter>
    </QtRcc>
  </ItemGroup>
  <ItemGroup>
    <ClInclude Include="QColorBox.h">
      <Filter>Header Files</Filter>
    </ClInclude>
    <ClInclude Include="QArrowItem.h">
      <Filter>Header Files</Filter>
    </ClInclude>
    <ClInclude Include="SeaSimulation\AquaticAnimal.h">
      <Filter>SeaSimulation</Filter>
    </ClInclude>
    <ClInclude Include="SeaSimulation\BasicItem.h">
      <Filter>SeaSimulation</Filter>
    </ClInclude>
    <ClInclude Include="SeaSimulation\Boat.h">
      <Filter>SeaSimulation</Filter>
    </ClInclude>
    <ClInclude Include="SeaSimulation\Eat.h">
      <Filter>SeaSimulation</Filter>
    </ClInclude>
    <ClInclude Include="SeaSimulation\FishingBoat.h">
      <Filter>SeaSimulation</Filter>
    </ClInclude>
    <ClInclude Include="SeaSimulation\FuelLeak.h">
      <Filter>SeaSimulation</Filter>
    </ClInclude>
    <ClInclude Include="SeaSimulation\Kill.h">
      <Filter>SeaSimulation</Filter>
    </ClInclude>
    <ClInclude Include="SeaSimulation\LifeMonitor.h">
      <Filter>SeaSimulation</Filter>
    </ClInclude>
    <ClInclude Include="SeaSimulation\LoadType.h">
      <Filter>SeaSimulation</Filter>
    </ClInclude>
    <ClInclude Include="SeaSimulation\Randomizer.h">
      <Filter>SeaSimulation</Filter>
    </ClInclude>
    <ClInclude Include="SeaSimulation\RedFish.h">
      <Filter>SeaSimulation</Filter>
    </ClInclude>
    <ClInclude Include="SeaSimulation\Reproduction.h">
      <Filter>SeaSimulation</Filter>
    </ClInclude>
    <ClInclude Include="SeaSimulation\Sex.h">
      <Filter>SeaSimulation</Filter>
    </ClInclude>
    <ClInclude Include="SeaSimulation\Shark.h">
      <Filter>SeaSimulation</Filter>
    </ClInclude>
    <ClInclude Include="SeaSimulation\SwordFish.h">
      <Filter>SeaSimulation</Filter>
    </ClInclude>
    <ClInclude Include="SeaSimulation\TankerBoat.h">
      <Filter>SeaSimulation</Filter>
    </ClInclude>
  </ItemGroup>
</Project>